hash: b23029c0880847aef014e6a91fb41ad920894dd1c82d51562fa53babd6ae722c
updated: 2019-04-23T14:04:02.47408+08:00
imports:
- name: github.com/gin-contrib/sse
  version: 22d885f9ecc78bf4ee5d72b937e4bbcdc58e8cae
- name: github.com/gin-gonic/gin
  version: b869fe1415e4b9eb52f247441830d502aece2d4d
  subpackages:
  - binding
  - json
  - render
- name: github.com/go-sql-driver/mysql
  version: 72cd26f257d44c1114970e19afddcd812016007e
- name: github.com/golang/protobuf
  version: 7716a980bceefe9a0213654823d9ea62d23b87a2
  subpackages:
  - proto
- name: github.com/json-iterator/go
  version: 2433035e513208b0f7bd5b50d0aecd889b2c1ff8
- name: github.com/mattn/go-isatty
  version: 3fb116b820352b7f0c281308a4d6250c22d94e27
- name: github.com/modern-go/concurrent
  version: bacd9c7ef1dd9b15be4a9909b8ac7a4e313eec94
- name: github.com/modern-go/reflect2
  version: 94122c33edd36123c84d5368cfb2b69df93a0ec8
- name: github.com/ugorji/go
  version: 99ea80c8b19ad777f970258ca09c5c2d5826f0fd
  subpackages:
  - codec
- name: golang.org/x/sys
  version: dad3d9fb7b6e83d0f9ac8f54670f6334c3a287b4
  subpackages:
  - unix
- name: google.golang.org/appengine
  version: 54a98f90d1c46b7731eb8fb305d2a321c30ef610
  subpackages:
  - cloudsql
- name: gopkg.in/go-playground/validator.v8
  version: 5f1438d3fca68893a817e4a66806cea46a9e4ebf
- name: gopkg.in/yaml.v2
  version: 5420a8b6744d3b0345ab293f6fcba19c978f1183
testImports: []
